
Microsoft Visual Studio Solution File, Format Version 12.00
# Visual Studio Version 16
VisualStudioVersion = 16.0.29215.179
MinimumVisualStudioVersion = 10.0.40219.1
Project("{FAE04EC0-301F-11D3-BF4B-00C04F79EFBC}") = "DarkSite", "DarkSite.csproj", "{07DC0CF0-2651-4848-985A-F6354141435F}"
EndProject
Project("{FAE04EC0-301F-11D3-BF4B-00C04F79EFBC}") = "DarkDev", "..\DarkDev\DarkDev.csproj", "{B73C03FB-AC73-4AB8-A2FB-72C69156BFD3}"
EndProject
Global
	GlobalSection(SolutionConfigurationPlatforms) = preSolution
		Debug|Any CPU = Debug|Any CPU
		Release|Any CPU = Release|Any CPU
	EndGlobalSection
	GlobalSection(ProjectConfigurationPlatforms) = postSolution
		{07DC0CF0-2651-4848-985A-F6354141435F}.Debug|Any CPU.ActiveCfg = Debug|Any CPU
		{07DC0CF0-2651-4848-985A-F6354141435F}.Debug|Any CPU.Build.0 = Debug|Any CPU
		{07DC0CF0-2651-4848-985A-F6354141435F}.Release|Any CPU.ActiveCfg = Release|Any CPU
		{07DC0CF0-2651-4848-985A-F6354141435F}.Release|Any CPU.Build.0 = Release|Any CPU
		{B73C03FB-AC73-4AB8-A2FB-72C69156BFD3}.Debug|Any CPU.ActiveCfg = Debug|Any CPU
		{B73C03FB-AC73-4AB8-A2FB-72C69156BFD3}.Debug|Any CPU.Build.0 = Debug|Any CPU
		{B73C03FB-AC73-4AB8-A2FB-72C69156BFD3}.Release|Any CPU.ActiveCfg = Release|Any CPU
		{B73C03FB-AC73-4AB8-A2FB-72C69156BFD3}.Release|Any CPU.Build.0 = Release|Any CPU
	EndGlobalSection
	GlobalSection(SolutionProperties) = preSolution
		HideSolutionNode = FALSE
	EndGlobalSection
	GlobalSection(ExtensibilityGlobals) = postSolution
		SolutionGuid = {E4B0F12D-8B7D-432F-9FB9-965567990194}
	EndGlobalSection
EndGlobal
