
Microsoft Visual Studio Solution File, Format Version 12.00
# Visual Studio Version 16
VisualStudioVersion = 16.0.29215.179
MinimumVisualStudioVersion = 10.0.40219.1
Project("{FAE04EC0-301F-11D3-BF4B-00C04F79EFBC}") = "Site", "Site.csproj", "{B69781C3-9801-4F0D-94E8-AC452345084C}"
EndProject
Global
	GlobalSection(SolutionConfigurationPlatforms) = preSolution
		Debug|Any CPU = Debug|Any CPU
		Release|Any CPU = Release|Any CPU
	EndGlobalSection
	GlobalSection(ProjectConfigurationPlatforms) = postSolution
		{B69781C3-9801-4F0D-94E8-AC452345084C}.Debug|Any CPU.ActiveCfg = Debug|Any CPU
		{B69781C3-9801-4F0D-94E8-AC452345084C}.Debug|Any CPU.Build.0 = Debug|Any CPU
		{B69781C3-9801-4F0D-94E8-AC452345084C}.Release|Any CPU.ActiveCfg = Release|Any CPU
		{B69781C3-9801-4F0D-94E8-AC452345084C}.Release|Any CPU.Build.0 = Release|Any CPU
	EndGlobalSection
	GlobalSection(SolutionProperties) = preSolution
		HideSolutionNode = FALSE
	EndGlobalSection
	GlobalSection(ExtensibilityGlobals) = postSolution
		SolutionGuid = {4B4FA32C-B33E-4138-98AA-33FAB554E036}
	EndGlobalSection
EndGlobal
